
Microsoft Visual Studio Solution File, Format Version 12.00
# Visual Studio Version 17
VisualStudioVersion = 17.0.31903.59
MinimumVisualStudioVersion = 10.0.40219.1
Project("{FAE04EC0-301F-11D3-BF4B-00C04F79EFBC}") = "Tre Cases", "Tre Cases\Tre Cases.csproj", "{E95C6D32-9739-4EE7-9D39-B0613C3ADD65}"
EndProject
Project("{FAE04EC0-301F-11D3-BF4B-00C04F79EFBC}") = "ClassLibrary1", "ClassLibrary1\ClassLibrary1.csproj", "{3D9B86EE-34CB-419C-B29E-0AA80FDDC30B}"
EndProject
Global
	GlobalSection(SolutionConfigurationPlatforms) = preSolution
		Debug|Any CPU = Debug|Any CPU
		Release|Any CPU = Release|Any CPU
	EndGlobalSection
	GlobalSection(ProjectConfigurationPlatforms) = postSolution
		{E95C6D32-9739-4EE7-9D39-B0613C3ADD65}.Debug|Any CPU.ActiveCfg = Debug|Any CPU
		{E95C6D32-9739-4EE7-9D39-B0613C3ADD65}.Debug|Any CPU.Build.0 = Debug|Any CPU
		{E95C6D32-9739-4EE7-9D39-B0613C3ADD65}.Release|Any CPU.ActiveCfg = Release|Any CPU
		{E95C6D32-9739-4EE7-9D39-B0613C3ADD65}.Release|Any CPU.Build.0 = Release|Any CPU
		{3D9B86EE-34CB-419C-B29E-0AA80FDDC30B}.Debug|Any CPU.ActiveCfg = Debug|Any CPU
		{3D9B86EE-34CB-419C-B29E-0AA80FDDC30B}.Debug|Any CPU.Build.0 = Debug|Any CPU
		{3D9B86EE-34CB-419C-B29E-0AA80FDDC30B}.Release|Any CPU.ActiveCfg = Release|Any CPU
		{3D9B86EE-34CB-419C-B29E-0AA80FDDC30B}.Release|Any CPU.Build.0 = Release|Any CPU
	EndGlobalSection
	GlobalSection(SolutionProperties) = preSolution
		HideSolutionNode = FALSE
	EndGlobalSection
	GlobalSection(ExtensibilityGlobals) = postSolution
		SolutionGuid = {76023398-EE7F-4EC8-AE6E-424D93A8E0B4}
	EndGlobalSection
EndGlobal
